// !$*UTF8*$!
{
	archiveVersion = 1;
	classes = {
	};
	objectVersion = 56;
	objects = {

/* Begin PBXBuildFile section */
		4736406E2B65C34D00B1224E /* LoggingView.swift in Sources */ = {isa = PBXBuildFile; fileRef = 4736406D2B65C34D00B1224E /* LoggingView.swift */; };
		4762BDA82B6372A0009D2220 /* WorkoutTimeApp.swift in Sources */ = {isa = PBXBuildFile; fileRef = 4762BDA72B6372A0009D2220 /* WorkoutTimeApp.swift */; };
		4762BDAA2B6372A0009D2220 /* ContentView.swift in Sources */ = {isa = PBXBuildFile; fileRef = 4762BDA92B6372A0009D2220 /* ContentView.swift */; };
		4762BDAC2B6372A1009D2220 /* Assets.xcassets in Resources */ = {isa = PBXBuildFile; fileRef = 4762BDAB2B6372A1009D2220 /* Assets.xcassets */; };
		4762BDAF2B6372A1009D2220 /* Preview Assets.xcassets in Resources */ = {isa = PBXBuildFile; fileRef = 4762BDAE2B6372A1009D2220 /* Preview Assets.xcassets */; };
		4762BDB62B6372D2009D2220 /* exercises.json in Resources */ = {isa = PBXBuildFile; fileRef = 4762BDB52B6372D2009D2220 /* exercises.json */; };
		4762BDB82B6374A0009D2220 /* Exercise.swift in Sources */ = {isa = PBXBuildFile; fileRef = 4762BDB72B6374A0009D2220 /* Exercise.swift */; };
		4762BDBA2B6378F6009D2220 /* Bundle-Decodable.swift in Sources */ = {isa = PBXBuildFile; fileRef = 4762BDB92B6378F6009D2220 /* Bundle-Decodable.swift */; };
		4762BDBE2B641D94009D2220 /* sfsymbols.swift in Sources */ = {isa = PBXBuildFile; fileRef = 4762BDBD2B641D94009D2220 /* sfsymbols.swift */; };
		4762BDC02B641EE7009D2220 /* SfSymbolView.swift in Sources */ = {isa = PBXBuildFile; fileRef = 4762BDBF2B641EE7009D2220 /* SfSymbolView.swift */; };
		4762BDC22B642F03009D2220 /* AddActivityView.swift in Sources */ = {isa = PBXBuildFile; fileRef = 4762BDC12B642F03009D2220 /* AddActivityView.swift */; };
		4762BDC42B645275009D2220 /* DetailActivityView.swift in Sources */ = {isa = PBXBuildFile; fileRef = 4762BDC32B645275009D2220 /* DetailActivityView.swift */; };
/* End PBXBuildFile section */

/* Begin PBXFileReference section */
		4736406D2B65C34D00B1224E /* LoggingView.swift */ = {isa = PBXFileReference; lastKnownFileType = sourcecode.swift; path = LoggingView.swift; sourceTree = "<group>"; };
		4762BDA42B6372A0009D2220 /* WorkoutTime.app */ = {isa = PBXFileReference; explicitFileType = wrapper.application; includeInIndex = 0; path = WorkoutTime.app; sourceTree = BUILT_PRODUCTS_DIR; };
		4762BDA72B6372A0009D2220 /* WorkoutTimeApp.swift */ = {isa = PBXFileReference; lastKnownFileType = sourcecode.swift; path = WorkoutTimeApp.swift; sourceTree = "<group>"; };
		4762BDA92B6372A0009D2220 /* ContentView.swift */ = {isa = PBXFileReference; lastKnownFileType = sourcecode.swift; path = ContentView.swift; sourceTree = "<group>"; };
		4762BDAB2B6372A1009D2220 /* Assets.xcassets */ = {isa = PBXFileReference; lastKnownFileType = folder.assetcatalog; path = Assets.xcassets; sourceTree = "<group>"; };
		4762BDAE2B6372A1009D2220 /* Preview Assets.xcassets */ = {isa = PBXFileReference; lastKnownFileType = folder.assetcatalog; path = "Preview Assets.xcassets"; sourceTree = "<group>"; };
		4762BDB52B6372D2009D2220 /* exercises.json */ = {isa = PBXFileReference; fileEncoding = 4; lastKnownFileType = text.json; path = exercises.json; sourceTree = "<group>"; };
		4762BDB72B6374A0009D2220 /* Exercise.swift */ = {isa = PBXFileReference; lastKnownFileType = sourcecode.swift; path = Exercise.swift; sourceTree = "<group>"; };
		4762BDB92B6378F6009D2220 /* Bundle-Decodable.swift */ = {isa = PBXFileReference; lastKnownFileType = sourcecode.swift; path = "Bundle-Decodable.swift"; sourceTree = "<group>"; };
		4762BDBD2B641D94009D2220 /* sfsymbols.swift */ = {isa = PBXFileReference; lastKnownFileType = sourcecode.swift; path = sfsymbols.swift; sourceTree = "<group>"; };
		4762BDBF2B641EE7009D2220 /* SfSymbolView.swift */ = {isa = PBXFileReference; lastKnownFileType = sourcecode.swift; path = SfSymbolView.swift; sourceTree = "<group>"; };
		4762BDC12B642F03009D2220 /* AddActivityView.swift */ = {isa = PBXFileReference; lastKnownFileType = sourcecode.swift; path = AddActivityView.swift; sourceTree = "<group>"; };
		4762BDC32B645275009D2220 /* DetailActivityView.swift */ = {isa = PBXFileReference; lastKnownFileType = sourcecode.swift; path = DetailActivityView.swift; sourceTree = "<group>"; };
/* End PBXFileReference section */

/* Begin PBXFrameworksBuildPhase section */
		4762BDA12B6372A0009D2220 /* Frameworks */ = {
			isa = PBXFrameworksBuildPhase;
			buildActionMask = 2147483647;
			files = (
			);
			runOnlyForDeploymentPostprocessing = 0;
		};
/* End PBXFrameworksBuildPhase section */

/* Begin PBXGroup section */
		4762BD9B2B6372A0009D2220 = {
			isa = PBXGroup;
			children = (
				4762BDA62B6372A0009D2220 /* WorkoutTime */,
				4762BDA52B6372A0009D2220 /* Products */,
			);
			sourceTree = "<group>";
		};
		4762BDA52B6372A0009D2220 /* Products */ = {
			isa = PBXGroup;
			children = (
				4762BDA42B6372A0009D2220 /* WorkoutTime.app */,
			);
			name = Products;
			sourceTree = "<group>";
		};
		4762BDA62B6372A0009D2220 /* WorkoutTime */ = {
			isa = PBXGroup;
			children = (
				4762BDA72B6372A0009D2220 /* WorkoutTimeApp.swift */,
				4762BDA92B6372A0009D2220 /* ContentView.swift */,
				4736406D2B65C34D00B1224E /* LoggingView.swift */,
				4762BDC12B642F03009D2220 /* AddActivityView.swift */,
				4762BDC32B645275009D2220 /* DetailActivityView.swift */,
				4762BDBF2B641EE7009D2220 /* SfSymbolView.swift */,
				4762BDB92B6378F6009D2220 /* Bundle-Decodable.swift */,
				4762BDB72B6374A0009D2220 /* Exercise.swift */,
				4762BDBD2B641D94009D2220 /* sfsymbols.swift */,
				4762BDAB2B6372A1009D2220 /* Assets.xcassets */,
				4762BDB52B6372D2009D2220 /* exercises.json */,
				4762BDAD2B6372A1009D2220 /* Preview Content */,
			);
			path = WorkoutTime;
			sourceTree = "<group>";
		};
		4762BDAD2B6372A1009D2220 /* Preview Content */ = {
			isa = PBXGroup;
			children = (
				4762BDAE2B6372A1009D2220 /* Preview Assets.xcassets */,
			);
			path = "Preview Content";
			sourceTree = "<group>";
		};
/* End PBXGroup section */

/* Begin PBXNativeTarget section */
		4762BDA32B6372A0009D2220 /* WorkoutTime */ = {
			isa = PBXNativeTarget;
			buildConfigurationList = 4762BDB22B6372A1009D2220 /* Build configuration list for PBXNativeTarget "WorkoutTime" */;
			buildPhases = (
				4762BDA02B6372A0009D2220 /* Sources */,
				4762BDA12B6372A0009D2220 /* Frameworks */,
				4762BDA22B6372A0009D2220 /* Resources */,
			);
			buildRules = (
			);
			dependencies = (
			);
			name = WorkoutTime;
			productName = WorkoutTime;
			productReference = 4762BDA42B6372A0009D2220 /* WorkoutTime.app */;
			productType = "com.apple.product-type.application";
		};
/* End PBXNativeTarget section */

/* Begin PBXProject section */
		4762BD9C2B6372A0009D2220 /* Project object */ = {
			isa = PBXProject;
			attributes = {
				BuildIndependentTargetsInParallel = 1;
				LastSwiftUpdateCheck = 1520;
				LastUpgradeCheck = 1520;
				TargetAttributes = {
					4762BDA32B6372A0009D2220 = {
						CreatedOnToolsVersion = 15.2;
					};
				};
			};
			buildConfigurationList = 4762BD9F2B6372A0009D2220 /* Build configuration list for PBXProject "WorkoutTime" */;
			compatibilityVersion = "Xcode 14.0";
			developmentRegion = en;
			hasScannedForEncodings = 0;
			knownRegions = (
				en,
				Base,
			);
			mainGroup = 4762BD9B2B6372A0009D2220;
			productRefGroup = 4762BDA52B6372A0009D2220 /* Products */;
			projectDirPath = "";
			projectRoot = "";
			targets = (
				4762BDA32B6372A0009D2220 /* WorkoutTime */,
			);
		};
/* End PBXProject section */

/* Begin PBXResourcesBuildPhase section */
		4762BDA22B6372A0009D2220 /* Resources */ = {
			isa = PBXResourcesBuildPhase;
			buildActionMask = 2147483647;
			files = (
				4762BDAF2B6372A1009D2220 /* Preview Assets.xcassets in Resources */,
				4762BDAC2B6372A1009D2220 /* Assets.xcassets in Resources */,
				4762BDB62B6372D2009D2220 /* exercises.json in Resources */,
			);
			runOnlyForDeploymentPostprocessing = 0;
		};
/* End PBXResourcesBuildPhase section */

/* Begin PBXSourcesBuildPhase section */
		4762BDA02B6372A0009D2220 /* Sources */ = {
			isa = PBXSourcesBuildPhase;
			buildActionMask = 2147483647;
			files = (
				4736406E2B65C34D00B1224E /* LoggingView.swift in Sources */,
				4762BDAA2B6372A0009D2220 /* ContentView.swift in Sources */,
				4762BDC22B642F03009D2220 /* AddActivityView.swift in Sources */,
				4762BDC02B641EE7009D2220 /* SfSymbolView.swift in Sources */,
				4762BDBE2B641D94009D2220 /* sfsymbols.swift in Sources */,
				4762BDA82B6372A0009D2220 /* WorkoutTimeApp.swift in Sources */,
				4762BDB82B6374A0009D2220 /* Exercise.swift in Sources */,
				4762BDC42B645275009D2220 /* DetailActivityView.swift in Sources */,
				4762BDBA2B6378F6009D2220 /* Bundle-Decodable.swift in Sources */,
			);
			runOnlyForDeploymentPostprocessing = 0;
		};
/* End PBXSourcesBuildPhase section */

/* Begin XCBuildConfiguration section */
		4762BDB02B6372A1009D2220 /* Debug */ = {
			isa = XCBuildConfiguration;
			buildSettings = {
				ALWAYS_SEARCH_USER_PATHS = NO;
				ASSETCATALOG_COMPILER_GENERATE_SWIFT_ASSET_SYMBOL_EXTENSIONS = YES;
				CLANG_ANALYZER_NONNULL = YES;
				CLANG_ANALYZER_NUMBER_OBJECT_CONVERSION = YES_AGGRESSIVE;
				CLANG_CXX_LANGUAGE_STANDARD = "gnu++20";
				CLANG_ENABLE_MODULES = YES;
				CLANG_ENABLE_OBJC_ARC = YES;
				CLANG_ENABLE_OBJC_WEAK = YES;
				CLANG_WARN_BLOCK_CAPTURE_AUTORELEASING = YES;
				CLANG_WARN_BOOL_CONVERSION = YES;
				CLANG_WARN_COMMA = YES;
				CLANG_WARN_CONSTANT_CONVERSION = YES;
				CLANG_WARN_DEPRECATED_OBJC_IMPLEMENTATIONS = YES;
				CLANG_WARN_DIRECT_OBJC_ISA_USAGE = YES_ERROR;
				CLANG_WARN_DOCUMENTATION_COMMENTS = YES;
				CLANG_WARN_EMPTY_BODY = YES;
				CLANG_WARN_ENUM_CONVERSION = YES;
				CLANG_WARN_INFINITE_RECURSION = YES;
				CLANG_WARN_INT_CONVERSION = YES;
				CLANG_WARN_NON_LITERAL_NULL_CONVERSION = YES;
				CLANG_WARN_OBJC_IMPLICIT_RETAIN_SELF = YES;
				CLANG_WARN_OBJC_LITERAL_CONVERSION = YES;
				CLANG_WARN_OBJC_ROOT_CLASS = YES_ERROR;
				CLANG_WARN_QUOTED_INCLUDE_IN_FRAMEWORK_HEADER = YES;
				CLANG_WARN_RANGE_LOOP_ANALYSIS = YES;
				CLANG_WARN_STRICT_PROTOTYPES = YES;
				CLANG_WARN_SUSPICIOUS_MOVE = YES;
				CLANG_WARN_UNGUARDED_AVAILABILITY = YES_AGGRESSIVE;
				CLANG_WARN_UNREACHABLE_CODE = YES;
				CLANG_WARN__DUPLICATE_METHOD_MATCH = YES;
				COPY_PHASE_STRIP = NO;
				DEBUG_INFORMATION_FORMAT = dwarf;
				ENABLE_STRICT_OBJC_MSGSEND = YES;
				ENABLE_TESTABILITY = YES;
				ENABLE_USER_SCRIPT_SANDBOXING = YES;
				GCC_C_LANGUAGE_STANDARD = gnu17;
				GCC_DYNAMIC_NO_PIC = NO;
				GCC_NO_COMMON_BLOCKS = YES;
				GCC_OPTIMIZATION_LEVEL = 0;
				GCC_PREPROCESSOR_DEFINITIONS = (
					"DEBUG=1",
					"$(inherited)",
				);
				GCC_WARN_64_TO_32_BIT_CONVERSION = YES;
				GCC_WARN_ABOUT_RETURN_TYPE = YES_ERROR;
				GCC_WARN_UNDECLARED_SELECTOR = YES;
				GCC_WARN_UNINITIALIZED_AUTOS = YES_AGGRESSIVE;
				GCC_WARN_UNUSED_FUNCTION = YES;
				GCC_WARN_UNUSED_VARIABLE = YES;
				IPHONEOS_DEPLOYMENT_TARGET = 17.2;
				LOCALIZATION_PREFERS_STRING_CATALOGS = YES;
				MTL_ENABLE_DEBUG_INFO = INCLUDE_SOURCE;
				MTL_FAST_MATH = YES;
				ONLY_ACTIVE_ARCH = YES;
				SDKROOT = iphoneos;
				SWIFT_ACTIVE_COMPILATION_CONDITIONS = "DEBUG $(inherited)";
				SWIFT_OPTIMIZATION_LEVEL = "-Onone";
			};
			name = Debug;
		};
		4762BDB12B6372A1009D2220 /* Release */ = {
			isa = XCBuildConfiguration;
			buildSettings = {
				ALWAYS_SEARCH_USER_PATHS = NO;
				ASSETCATALOG_COMPILER_GENERATE_SWIFT_ASSET_SYMBOL_EXTENSIONS = YES;
				CLANG_ANALYZER_NONNULL = YES;
				CLANG_ANALYZER_NUMBER_OBJECT_CONVERSION = YES_AGGRESSIVE;
				CLANG_CXX_LANGUAGE_STANDARD = "gnu++20";
				CLANG_ENABLE_MODULES = YES;
				CLANG_ENABLE_OBJC_ARC = YES;
				CLANG_ENABLE_OBJC_WEAK = YES;
				CLANG_WARN_BLOCK_CAPTURE_AUTORELEASING = YES;
				CLANG_WARN_BOOL_CONVERSION = YES;
				CLANG_WARN_COMMA = YES;
				CLANG_WARN_CONSTANT_CONVERSION = YES;
				CLANG_WARN_DEPRECATED_OBJC_IMPLEMENTATIONS = YES;
				CLANG_WARN_DIRECT_OBJC_ISA_USAGE = YES_ERROR;
				CLANG_WARN_DOCUMENTATION_COMMENTS = YES;
				CLANG_WARN_EMPTY_BODY = YES;
				CLANG_WARN_ENUM_CONVERSION = YES;
				CLANG_WARN_INFINITE_RECURSION = YES;
				CLANG_WARN_INT_CONVERSION = YES;
				CLANG_WARN_NON_LITERAL_NULL_CONVERSION = YES;
				CLANG_WARN_OBJC_IMPLICIT_RETAIN_SELF = YES;
				CLANG_WARN_OBJC_LITERAL_CONVERSION = YES;
				CLANG_WARN_OBJC_ROOT_CLASS = YES_ERROR;
				CLANG_WARN_QUOTED_INCLUDE_IN_FRAMEWORK_HEADER = YES;
				CLANG_WARN_RANGE_LOOP_ANALYSIS = YES;
				CLANG_WARN_STRICT_PROTOTYPES = YES;
				CLANG_WARN_SUSPICIOUS_MOVE = YES;
				CLANG_WARN_UNGUARDED_AVAILABILITY = YES_AGGRESSIVE;
				CLANG_WARN_UNREACHABLE_CODE = YES;
				CLANG_WARN__DUPLICATE_METHOD_MATCH = YES;
				COPY_PHASE_STRIP = NO;
				DEBUG_INFORMATION_FORMAT = "dwarf-with-dsym";
				ENABLE_NS_ASSERTIONS = NO;
				ENABLE_STRICT_OBJC_MSGSEND = YES;
				ENABLE_USER_SCRIPT_SANDBOXING = YES;
				GCC_C_LANGUAGE_STANDARD = gnu17;
				GCC_NO_COMMON_BLOCKS = YES;
				GCC_WARN_64_TO_32_BIT_CONVERSION = YES;
				GCC_WARN_ABOUT_RETURN_TYPE = YES_ERROR;
				GCC_WARN_UNDECLARED_SELECTOR = YES;
				GCC_WARN_UNINITIALIZED_AUTOS = YES_AGGRESSIVE;
				GCC_WARN_UNUSED_FUNCTION = YES;
				GCC_WARN_UNUSED_VARIABLE = YES;
				IPHONEOS_DEPLOYMENT_TARGET = 17.2;
				LOCALIZATION_PREFERS_STRING_CATALOGS = YES;
				MTL_ENABLE_DEBUG_INFO = NO;
				MTL_FAST_MATH = YES;
				SDKROOT = iphoneos;
				SWIFT_COMPILATION_MODE = wholemodule;
				VALIDATE_PRODUCT = YES;
			};
			name = Release;
		};
		4762BDB32B6372A1009D2220 /* Debug */ = {
			isa = XCBuildConfiguration;
			buildSettings = {
				ASSETCATALOG_COMPILER_APPICON_NAME = AppIcon;
				ASSETCATALOG_COMPILER_GLOBAL_ACCENT_COLOR_NAME = AccentColor;
				CODE_SIGN_STYLE = Automatic;
				CURRENT_PROJECT_VERSION = 1;
				DEVELOPMENT_ASSET_PATHS = "\"WorkoutTime/Preview Content\"";
				DEVELOPMENT_TEAM = AAMSQF9VQJ;
				ENABLE_PREVIEWS = YES;
				GENERATE_INFOPLIST_FILE = YES;
				INFOPLIST_KEY_UIApplicationSceneManifest_Generation = YES;
				INFOPLIST_KEY_UIApplicationSupportsIndirectInputEvents = YES;
				INFOPLIST_KEY_UILaunchScreen_Generation = YES;
				INFOPLIST_KEY_UISupportedInterfaceOrientations_iPad = "UIInterfaceOrientationPortrait UIInterfaceOrientationPortraitUpsideDown UIInterfaceOrientationLandscapeLeft UIInterfaceOrientationLandscapeRight";
				INFOPLIST_KEY_UISupportedInterfaceOrientations_iPhone = "UIInterfaceOrientationPortrait UIInterfaceOrientationLandscapeLeft UIInterfaceOrientationLandscapeRight";
				LD_RUNPATH_SEARCH_PATHS = (
					"$(inherited)",
					"@executable_path/Frameworks",
				);
				MARKETING_VERSION = 1.0;
				PRODUCT_BUNDLE_IDENTIFIER = net.drano.WorkoutTime;
				PRODUCT_NAME = "$(TARGET_NAME)";
				SWIFT_EMIT_LOC_STRINGS = YES;
				SWIFT_VERSION = 5.0;
				TARGETED_DEVICE_FAMILY = "1,2";
			};
			name = Debug;
		};
		4762BDB42B6372A1009D2220 /* Release */ = {
			isa = XCBuildConfiguration;
			buildSettings = {
				ASSETCATALOG_COMPILER_APPICON_NAME = AppIcon;
				ASSETCATALOG_COMPILER_GLOBAL_ACCENT_COLOR_NAME = AccentColor;
				CODE_SIGN_STYLE = Automatic;
				CURRENT_PROJECT_VERSION = 1;
				DEVELOPMENT_ASSET_PATHS = "\"WorkoutTime/Preview Content\"";
				DEVELOPMENT_TEAM = AAMSQF9VQJ;
				ENABLE_PREVIEWS = YES;
				GENERATE_INFOPLIST_FILE = YES;
				INFOPLIST_KEY_UIApplicationSceneManifest_Generation = YES;
				INFOPLIST_KEY_UIApplicationSupportsIndirectInputEvents = YES;
				INFOPLIST_KEY_UILaunchScreen_Generation = YES;
				INFOPLIST_KEY_UISupportedInterfaceOrientations_iPad = "UIInterfaceOrientationPortrait UIInterfaceOrientationPortraitUpsideDown UIInterfaceOrientationLandscapeLeft UIInterfaceOrientationLandscapeRight";
				INFOPLIST_KEY_UISupportedInterfaceOrientations_iPhone = "UIInterfaceOrientationPortrait UIInterfaceOrientationLandscapeLeft UIInterfaceOrientationLandscapeRight";
				LD_RUNPATH_SEARCH_PATHS = (
					"$(inherited)",
					"@executable_path/Frameworks",
				);
				MARKETING_VERSION = 1.0;
				PRODUCT_BUNDLE_IDENTIFIER = net.drano.WorkoutTime;
				PRODUCT_NAME = "$(TARGET_NAME)";
				SWIFT_EMIT_LOC_STRINGS = YES;
				SWIFT_VERSION = 5.0;
				TARGETED_DEVICE_FAMILY = "1,2";
			};
			name = Release;
		};
/* End XCBuildConfiguration section */

/* Begin XCConfigurationList section */
		4762BD9F2B6372A0009D2220 /* Build configuration list for PBXProject "WorkoutTime" */ = {
			isa = XCConfigurationList;
			buildConfigurations = (
				4762BDB02B6372A1009D2220 /* Debug */,
				4762BDB12B6372A1009D2220 /* Release */,
			);
			defaultConfigurationIsVisible = 0;
			defaultConfigurationName = Release;
		};
		4762BDB22B6372A1009D2220 /* Build configuration list for PBXNativeTarget "WorkoutTime" */ = {
			isa = XCConfigurationList;
			buildConfigurations = (
				4762BDB32B6372A1009D2220 /* Debug */,
				4762BDB42B6372A1009D2220 /* Release */,
			);
			defaultConfigurationIsVisible = 0;
			defaultConfigurationName = Release;
		};
/* End XCConfigurationList section */
	};
	rootObject = 4762BD9C2B6372A0009D2220 /* Project object */;
}
